
Microsoft Visual Studio Solution File, Format Version 12.00
# Visual Studio Version 16
VisualStudioVersion = 16.0.31005.135
MinimumVisualStudioVersion = 10.0.40219.1
Project("{8BC9CEB8-8B4A-11D0-8D11-00A0C91BC942}") = "1for", "lab3\lab3.vcxproj", "{C6C02A92-F6DA-4A0B-86A2-EB572628E234}"
EndProject
Project("{8BC9CEB8-8B4A-11D0-8D11-00A0C91BC942}") = "1dowhile", "dowhile\dowhile.vcxproj", "{C856D7CE-B14D-45D0-B556-0CB90110766B}"
EndProject
Project("{8BC9CEB8-8B4A-11D0-8D11-00A0C91BC942}") = "1while", "while\while.vcxproj", "{769AEDDE-1228-4C76-B45F-FC4706E933FD}"
EndProject
Project("{8BC9CEB8-8B4A-11D0-8D11-00A0C91BC942}") = "2dowhile", "2dowhile\2dowhile.vcxproj", "{5F56AC14-4DC4-47B3-A490-4A25AFF6B849}"
EndProject
Project("{8BC9CEB8-8B4A-11D0-8D11-00A0C91BC942}") = "2for", "2for\2for.vcxproj", "{D917ABE9-5D41-42A2-A4EE-E7E1FD9919BA}"
EndProject
Project("{8BC9CEB8-8B4A-11D0-8D11-00A0C91BC942}") = "2while", "2while\2while.vcxproj", "{27592E54-68C4-4044-9948-A2B9D4D902BE}"
EndProject
Project("{8BC9CEB8-8B4A-11D0-8D11-00A0C91BC942}") = "3dowhile", "3dowhile\3dowhile.vcxproj", "{E9252AFF-58A4-4E0D-9A2C-6F24186B8A69}"
EndProject
Project("{8BC9CEB8-8B4A-11D0-8D11-00A0C91BC942}") = "3for", "3for\3for.vcxproj", "{9980B3CC-8E43-4DE1-A8F6-3B55DF5DF8A9}"
EndProject
Project("{8BC9CEB8-8B4A-11D0-8D11-00A0C91BC942}") = "3while", "3while\3while.vcxproj", "{454DD712-E26D-4B3E-8185-0939042FCBC1}"
EndProject
Project("{8BC9CEB8-8B4A-11D0-8D11-00A0C91BC942}") = "4dowhile", "4dowhile\4dowhile.vcxproj", "{93038F42-E7E4-44F8-833B-29830AF21DA0}"
EndProject
Project("{8BC9CEB8-8B4A-11D0-8D11-00A0C91BC942}") = "4for", "4for\4for.vcxproj", "{878CBFA7-1FCB-4B87-89A7-68364DCE09C4}"
EndProject
Project("{8BC9CEB8-8B4A-11D0-8D11-00A0C91BC942}") = "4while", "4while\4while.vcxproj", "{19DB51FF-A0A1-45C0-8909-F7EBE18D2AAC}"
EndProject
Project("{8BC9CEB8-8B4A-11D0-8D11-00A0C91BC942}") = "5dowhile", "5dowhile\5dowhile.vcxproj", "{D7E1E005-E6E5-4B59-9FE0-6E230876130D}"
EndProject
Project("{8BC9CEB8-8B4A-11D0-8D11-00A0C91BC942}") = "5for", "5for\5for.vcxproj", "{76E8B9A0-5136-4263-8C49-3F38D68F2B29}"
EndProject
Project("{8BC9CEB8-8B4A-11D0-8D11-00A0C91BC942}") = "5while", "5while\5while.vcxproj", "{854DBC10-42F3-4EB8-9B43-E9DF64756DCA}"
EndProject
Project("{8BC9CEB8-8B4A-11D0-8D11-00A0C91BC942}") = "6dowhile", "6dowhile\6dowhile.vcxproj", "{8E6D399C-BA19-4B4E-BD79-5607F29578A5}"
EndProject
Project("{8BC9CEB8-8B4A-11D0-8D11-00A0C91BC942}") = "6for", "6for\6for.vcxproj", "{C010725C-4C9F-4C07-AE44-0D96389A697D}"
EndProject
Project("{8BC9CEB8-8B4A-11D0-8D11-00A0C91BC942}") = "6while", "6while\6while.vcxproj", "{099B08A2-B378-49E8-BE85-C041F7C3E197}"
EndProject
Global
	GlobalSection(SolutionConfigurationPlatforms) = preSolution
		Debug|x64 = Debug|x64
		Debug|x86 = Debug|x86
		Release|x64 = Release|x64
		Release|x86 = Release|x86
	EndGlobalSection
	GlobalSection(ProjectConfigurationPlatforms) = postSolution
		{C6C02A92-F6DA-4A0B-86A2-EB572628E234}.Debug|x64.ActiveCfg = Debug|x64
		{C6C02A92-F6DA-4A0B-86A2-EB572628E234}.Debug|x64.Build.0 = Debug|x64
		{C6C02A92-F6DA-4A0B-86A2-EB572628E234}.Debug|x86.ActiveCfg = Debug|Win32
		{C6C02A92-F6DA-4A0B-86A2-EB572628E234}.Debug|x86.Build.0 = Debug|Win32
		{C6C02A92-F6DA-4A0B-86A2-EB572628E234}.Release|x64.ActiveCfg = Release|x64
		{C6C02A92-F6DA-4A0B-86A2-EB572628E234}.Release|x64.Build.0 = Release|x64
		{C6C02A92-F6DA-4A0B-86A2-EB572628E234}.Release|x86.ActiveCfg = Release|Win32
		{C6C02A92-F6DA-4A0B-86A2-EB572628E234}.Release|x86.Build.0 = Release|Win32
		{C856D7CE-B14D-45D0-B556-0CB90110766B}.Debug|x64.ActiveCfg = Debug|x64
		{C856D7CE-B14D-45D0-B556-0CB90110766B}.Debug|x64.Build.0 = Debug|x64
		{C856D7CE-B14D-45D0-B556-0CB90110766B}.Debug|x86.ActiveCfg = Debug|Win32
		{C856D7CE-B14D-45D0-B556-0CB90110766B}.Debug|x86.Build.0 = Debug|Win32
		{C856D7CE-B14D-45D0-B556-0CB90110766B}.Release|x64.ActiveCfg = Release|x64
		{C856D7CE-B14D-45D0-B556-0CB90110766B}.Release|x64.Build.0 = Release|x64
		{C856D7CE-B14D-45D0-B556-0CB90110766B}.Release|x86.ActiveCfg = Release|Win32
		{C856D7CE-B14D-45D0-B556-0CB90110766B}.Release|x86.Build.0 = Release|Win32
		{769AEDDE-1228-4C76-B45F-FC4706E933FD}.Debug|x64.ActiveCfg = Debug|x64
		{769AEDDE-1228-4C76-B45F-FC4706E933FD}.Debug|x64.Build.0 = Debug|x64
		{769AEDDE-1228-4C76-B45F-FC4706E933FD}.Debug|x86.ActiveCfg = Debug|Win32
		{769AEDDE-1228-4C76-B45F-FC4706E933FD}.Debug|x86.Build.0 = Debug|Win32
		{769AEDDE-1228-4C76-B45F-FC4706E933FD}.Release|x64.ActiveCfg = Release|x64
		{769AEDDE-1228-4C76-B45F-FC4706E933FD}.Release|x64.Build.0 = Release|x64
		{769AEDDE-1228-4C76-B45F-FC4706E933FD}.Release|x86.ActiveCfg = Release|Win32
		{769AEDDE-1228-4C76-B45F-FC4706E933FD}.Release|x86.Build.0 = Release|Win32
		{5F56AC14-4DC4-47B3-A490-4A25AFF6B849}.Debug|x64.ActiveCfg = Debug|x64
		{5F56AC14-4DC4-47B3-A490-4A25AFF6B849}.Debug|x64.Build.0 = Debug|x64
		{5F56AC14-4DC4-47B3-A490-4A25AFF6B849}.Debug|x86.ActiveCfg = Debug|Win32
		{5F56AC14-4DC4-47B3-A490-4A25AFF6B849}.Debug|x86.Build.0 = Debug|Win32
		{5F56AC14-4DC4-47B3-A490-4A25AFF6B849}.Release|x64.ActiveCfg = Release|x64
		{5F56AC14-4DC4-47B3-A490-4A25AFF6B849}.Release|x64.Build.0 = Release|x64
		{5F56AC14-4DC4-47B3-A490-4A25AFF6B849}.Release|x86.ActiveCfg = Release|Win32
		{5F56AC14-4DC4-47B3-A490-4A25AFF6B849}.Release|x86.Build.0 = Release|Win32
		{D917ABE9-5D41-42A2-A4EE-E7E1FD9919BA}.Debug|x64.ActiveCfg = Debug|x64
		{D917ABE9-5D41-42A2-A4EE-E7E1FD9919BA}.Debug|x64.Build.0 = Debug|x64
		{D917ABE9-5D41-42A2-A4EE-E7E1FD9919BA}.Debug|x86.ActiveCfg = Debug|Win32
		{D917ABE9-5D41-42A2-A4EE-E7E1FD9919BA}.Debug|x86.Build.0 = Debug|Win32
		{D917ABE9-5D41-42A2-A4EE-E7E1FD9919BA}.Release|x64.ActiveCfg = Release|x64
		{D917ABE9-5D41-42A2-A4EE-E7E1FD9919BA}.Release|x64.Build.0 = Release|x64
		{D917ABE9-5D41-42A2-A4EE-E7E1FD9919BA}.Release|x86.ActiveCfg = Release|Win32
		{D917ABE9-5D41-42A2-A4EE-E7E1FD9919BA}.Release|x86.Build.0 = Release|Win32
		{27592E54-68C4-4044-9948-A2B9D4D902BE}.Debug|x64.ActiveCfg = Debug|x64
		{27592E54-68C4-4044-9948-A2B9D4D902BE}.Debug|x64.Build.0 = Debug|x64
		{27592E54-68C4-4044-9948-A2B9D4D902BE}.Debug|x86.ActiveCfg = Debug|Win32
		{27592E54-68C4-4044-9948-A2B9D4D902BE}.Debug|x86.Build.0 = Debug|Win32
		{27592E54-68C4-4044-9948-A2B9D4D902BE}.Release|x64.ActiveCfg = Release|x64
		{27592E54-68C4-4044-9948-A2B9D4D902BE}.Release|x64.Build.0 = Release|x64
		{27592E54-68C4-4044-9948-A2B9D4D902BE}.Release|x86.ActiveCfg = Release|Win32
		{27592E54-68C4-4044-9948-A2B9D4D902BE}.Release|x86.Build.0 = Release|Win32
		{E9252AFF-58A4-4E0D-9A2C-6F24186B8A69}.Debug|x64.ActiveCfg = Debug|x64
		{E9252AFF-58A4-4E0D-9A2C-6F24186B8A69}.Debug|x64.Build.0 = Debug|x64
		{E9252AFF-58A4-4E0D-9A2C-6F24186B8A69}.Debug|x86.ActiveCfg = Debug|Win32
		{E9252AFF-58A4-4E0D-9A2C-6F24186B8A69}.Debug|x86.Build.0 = Debug|Win32
		{E9252AFF-58A4-4E0D-9A2C-6F24186B8A69}.Release|x64.ActiveCfg = Release|x64
		{E9252AFF-58A4-4E0D-9A2C-6F24186B8A69}.Release|x64.Build.0 = Release|x64
		{E9252AFF-58A4-4E0D-9A2C-6F24186B8A69}.Release|x86.ActiveCfg = Release|Win32
		{E9252AFF-58A4-4E0D-9A2C-6F24186B8A69}.Release|x86.Build.0 = Release|Win32
		{9980B3CC-8E43-4DE1-A8F6-3B55DF5DF8A9}.Debug|x64.ActiveCfg = Debug|x64
		{9980B3CC-8E43-4DE1-A8F6-3B55DF5DF8A9}.Debug|x64.Build.0 = Debug|x64
		{9980B3CC-8E43-4DE1-A8F6-3B55DF5DF8A9}.Debug|x86.ActiveCfg = Debug|Win32
		{9980B3CC-8E43-4DE1-A8F6-3B55DF5DF8A9}.Debug|x86.Build.0 = Debug|Win32
		{9980B3CC-8E43-4DE1-A8F6-3B55DF5DF8A9}.Release|x64.ActiveCfg = Release|x64
		{9980B3CC-8E43-4DE1-A8F6-3B55DF5DF8A9}.Release|x64.Build.0 = Release|x64
		{9980B3CC-8E43-4DE1-A8F6-3B55DF5DF8A9}.Release|x86.ActiveCfg = Release|Win32
		{9980B3CC-8E43-4DE1-A8F6-3B55DF5DF8A9}.Release|x86.Build.0 = Release|Win32
		{454DD712-E26D-4B3E-8185-0939042FCBC1}.Debug|x64.ActiveCfg = Debug|x64
		{454DD712-E26D-4B3E-8185-0939042FCBC1}.Debug|x64.Build.0 = Debug|x64
		{454DD712-E26D-4B3E-8185-0939042FCBC1}.Debug|x86.ActiveCfg = Debug|Win32
		{454DD712-E26D-4B3E-8185-0939042FCBC1}.Debug|x86.Build.0 = Debug|Win32
		{454DD712-E26D-4B3E-8185-0939042FCBC1}.Release|x64.ActiveCfg = Release|x64
		{454DD712-E26D-4B3E-8185-0939042FCBC1}.Release|x64.Build.0 = Release|x64
		{454DD712-E26D-4B3E-8185-0939042FCBC1}.Release|x86.ActiveCfg = Release|Win32
		{454DD712-E26D-4B3E-8185-0939042FCBC1}.Release|x86.Build.0 = Release|Win32
		{93038F42-E7E4-44F8-833B-29830AF21DA0}.Debug|x64.ActiveCfg = Debug|x64
		{93038F42-E7E4-44F8-833B-29830AF21DA0}.Debug|x64.Build.0 = Debug|x64
		{93038F42-E7E4-44F8-833B-29830AF21DA0}.Debug|x86.ActiveCfg = Debug|Win32
		{93038F42-E7E4-44F8-833B-29830AF21DA0}.Debug|x86.Build.0 = Debug|Win32
		{93038F42-E7E4-44F8-833B-29830AF21DA0}.Release|x64.ActiveCfg = Release|x64
		{93038F42-E7E4-44F8-833B-29830AF21DA0}.Release|x64.Build.0 = Release|x64
		{93038F42-E7E4-44F8-833B-29830AF21DA0}.Release|x86.ActiveCfg = Release|Win32
		{93038F42-E7E4-44F8-833B-29830AF21DA0}.Release|x86.Build.0 = Release|Win32
		{878CBFA7-1FCB-4B87-89A7-68364DCE09C4}.Debug|x64.ActiveCfg = Debug|x64
		{878CBFA7-1FCB-4B87-89A7-68364DCE09C4}.Debug|x64.Build.0 = Debug|x64
		{878CBFA7-1FCB-4B87-89A7-68364DCE09C4}.Debug|x86.ActiveCfg = Debug|Win32
		{878CBFA7-1FCB-4B87-89A7-68364DCE09C4}.Debug|x86.Build.0 = Debug|Win32
		{878CBFA7-1FCB-4B87-89A7-68364DCE09C4}.Release|x64.ActiveCfg = Release|x64
		{878CBFA7-1FCB-4B87-89A7-68364DCE09C4}.Release|x64.Build.0 = Release|x64
		{878CBFA7-1FCB-4B87-89A7-68364DCE09C4}.Release|x86.ActiveCfg = Release|Win32
		{878CBFA7-1FCB-4B87-89A7-68364DCE09C4}.Release|x86.Build.0 = Release|Win32
		{19DB51FF-A0A1-45C0-8909-F7EBE18D2AAC}.Debug|x64.ActiveCfg = Debug|x64
		{19DB51FF-A0A1-45C0-8909-F7EBE18D2AAC}.Debug|x64.Build.0 = Debug|x64
		{19DB51FF-A0A1-45C0-8909-F7EBE18D2AAC}.Debug|x86.ActiveCfg = Debug|Win32
		{19DB51FF-A0A1-45C0-8909-F7EBE18D2AAC}.Debug|x86.Build.0 = Debug|Win32
		{19DB51FF-A0A1-45C0-8909-F7EBE18D2AAC}.Release|x64.ActiveCfg = Release|x64
		{19DB51FF-A0A1-45C0-8909-F7EBE18D2AAC}.Release|x64.Build.0 = Release|x64
		{19DB51FF-A0A1-45C0-8909-F7EBE18D2AAC}.Release|x86.ActiveCfg = Release|Win32
		{19DB51FF-A0A1-45C0-8909-F7EBE18D2AAC}.Release|x86.Build.0 = Release|Win32
		{D7E1E005-E6E5-4B59-9FE0-6E230876130D}.Debug|x64.ActiveCfg = Debug|x64
		{D7E1E005-E6E5-4B59-9FE0-6E230876130D}.Debug|x64.Build.0 = Debug|x64
		{D7E1E005-E6E5-4B59-9FE0-6E230876130D}.Debug|x86.ActiveCfg = Debug|Win32
		{D7E1E005-E6E5-4B59-9FE0-6E230876130D}.Debug|x86.Build.0 = Debug|Win32
		{D7E1E005-E6E5-4B59-9FE0-6E230876130D}.Release|x64.ActiveCfg = Release|x64
		{D7E1E005-E6E5-4B59-9FE0-6E230876130D}.Release|x64.Build.0 = Release|x64
		{D7E1E005-E6E5-4B59-9FE0-6E230876130D}.Release|x86.ActiveCfg = Release|Win32
		{D7E1E005-E6E5-4B59-9FE0-6E230876130D}.Release|x86.Build.0 = Release|Win32
		{76E8B9A0-5136-4263-8C49-3F38D68F2B29}.Debug|x64.ActiveCfg = Debug|x64
		{76E8B9A0-5136-4263-8C49-3F38D68F2B29}.Debug|x64.Build.0 = Debug|x64
		{76E8B9A0-5136-4263-8C49-3F38D68F2B29}.Debug|x86.ActiveCfg = Debug|Win32
		{76E8B9A0-5136-4263-8C49-3F38D68F2B29}.Debug|x86.Build.0 = Debug|Win32
		{76E8B9A0-5136-4263-8C49-3F38D68F2B29}.Release|x64.ActiveCfg = Release|x64
		{76E8B9A0-5136-4263-8C49-3F38D68F2B29}.Release|x64.Build.0 = Release|x64
		{76E8B9A0-5136-4263-8C49-3F38D68F2B29}.Release|x86.ActiveCfg = Release|Win32
		{76E8B9A0-5136-4263-8C49-3F38D68F2B29}.Release|x86.Build.0 = Release|Win32
		{854DBC10-42F3-4EB8-9B43-E9DF64756DCA}.Debug|x64.ActiveCfg = Debug|x64
		{854DBC10-42F3-4EB8-9B43-E9DF64756DCA}.Debug|x64.Build.0 = Debug|x64
		{854DBC10-42F3-4EB8-9B43-E9DF64756DCA}.Debug|x86.ActiveCfg = Debug|Win32
		{854DBC10-42F3-4EB8-9B43-E9DF64756DCA}.Debug|x86.Build.0 = Debug|Win32
		{854DBC10-42F3-4EB8-9B43-E9DF64756DCA}.Release|x64.ActiveCfg = Release|x64
		{854DBC10-42F3-4EB8-9B43-E9DF64756DCA}.Release|x64.Build.0 = Release|x64
		{854DBC10-42F3-4EB8-9B43-E9DF64756DCA}.Release|x86.ActiveCfg = Release|Win32
		{854DBC10-42F3-4EB8-9B43-E9DF64756DCA}.Release|x86.Build.0 = Release|Win32
		{8E6D399C-BA19-4B4E-BD79-5607F29578A5}.Debug|x64.ActiveCfg = Debug|x64
		{8E6D399C-BA19-4B4E-BD79-5607F29578A5}.Debug|x64.Build.0 = Debug|x64
		{8E6D399C-BA19-4B4E-BD79-5607F29578A5}.Debug|x86.ActiveCfg = Debug|Win32
		{8E6D399C-BA19-4B4E-BD79-5607F29578A5}.Debug|x86.Build.0 = Debug|Win32
		{8E6D399C-BA19-4B4E-BD79-5607F29578A5}.Release|x64.ActiveCfg = Release|x64
		{8E6D399C-BA19-4B4E-BD79-5607F29578A5}.Release|x64.Build.0 = Release|x64
		{8E6D399C-BA19-4B4E-BD79-5607F29578A5}.Release|x86.ActiveCfg = Release|Win32
		{8E6D399C-BA19-4B4E-BD79-5607F29578A5}.Release|x86.Build.0 = Release|Win32
		{C010725C-4C9F-4C07-AE44-0D96389A697D}.Debug|x64.ActiveCfg = Debug|x64
		{C010725C-4C9F-4C07-AE44-0D96389A697D}.Debug|x64.Build.0 = Debug|x64
		{C010725C-4C9F-4C07-AE44-0D96389A697D}.Debug|x86.ActiveCfg = Debug|Win32
		{C010725C-4C9F-4C07-AE44-0D96389A697D}.Debug|x86.Build.0 = Debug|Win32
		{C010725C-4C9F-4C07-AE44-0D96389A697D}.Release|x64.ActiveCfg = Release|x64
		{C010725C-4C9F-4C07-AE44-0D96389A697D}.Release|x64.Build.0 = Release|x64
		{C010725C-4C9F-4C07-AE44-0D96389A697D}.Release|x86.ActiveCfg = Release|Win32
		{C010725C-4C9F-4C07-AE44-0D96389A697D}.Release|x86.Build.0 = Release|Win32
		{099B08A2-B378-49E8-BE85-C041F7C3E197}.Debug|x64.ActiveCfg = Debug|x64
		{099B08A2-B378-49E8-BE85-C041F7C3E197}.Debug|x64.Build.0 = Debug|x64
		{099B08A2-B378-49E8-BE85-C041F7C3E197}.Debug|x86.ActiveCfg = Debug|Win32
		{099B08A2-B378-49E8-BE85-C041F7C3E197}.Debug|x86.Build.0 = Debug|Win32
		{099B08A2-B378-49E8-BE85-C041F7C3E197}.Release|x64.ActiveCfg = Release|x64
		{099B08A2-B378-49E8-BE85-C041F7C3E197}.Release|x64.Build.0 = Release|x64
		{099B08A2-B378-49E8-BE85-C041F7C3E197}.Release|x86.ActiveCfg = Release|Win32
		{099B08A2-B378-49E8-BE85-C041F7C3E197}.Release|x86.Build.0 = Release|Win32
	EndGlobalSection
	GlobalSection(SolutionProperties) = preSolution
		HideSolutionNode = FALSE
	EndGlobalSection
	GlobalSection(ExtensibilityGlobals) = postSolution
		SolutionGuid = {B4F762AE-B338-4C11-AEAA-5CF95C5A4FA9}
	EndGlobalSection
EndGlobal
